
Microsoft Visual Studio Solution File, Format Version 12.00
# Visual Studio Version 16
VisualStudioVersion = 16.0.30413.136
MinimumVisualStudioVersion = 10.0.40219.1
Project("{FAE04EC0-301F-11D3-BF4B-00C04F79EFBC}") = "VoiceAttack-base", "plugins\VoiceAttack-base\VoiceAttack-base.csproj", "{1C05DB3F-3449-4664-B363-A379892995E5}"
EndProject
Project("{FAE04EC0-301F-11D3-BF4B-00C04F79EFBC}") = "RatAttack", "plugins\RatAttack\RatAttack.csproj", "{64CD3BA3-7FD2-4360-B055-6927CE92DA68}"
EndProject
Project("{FAE04EC0-301F-11D3-BF4B-00C04F79EFBC}") = "RatAttack-cli", "plugins\RatAttack-cli\RatAttack-cli.csproj", "{D72A35EC-8D39-4B96-BBC5-1B330F4CBEEF}"
EndProject
Project("{FAE04EC0-301F-11D3-BF4B-00C04F79EFBC}") = "EliteAttack", "plugins\EliteAttack\EliteAttack.csproj", "{77CEF35C-C25C-4793-AB2C-0B0C5D9A5BB8}"
EndProject
Project("{FAE04EC0-301F-11D3-BF4B-00C04F79EFBC}") = "SpanshAttack", "plugins\SpanshAttack\SpanshAttack.csproj", "{D2047704-696B-4665-8D37-3AD298A8B9F9}"
EndProject
Project("{2150E333-8FDC-42A3-9474-1A3956D46DE8}") = "Solution Items", "Solution Items", "{C2B4D94B-8D73-431A-880B-B1E7ADF064B2}"
	ProjectSection(SolutionItems) = preProject
		.editorconfig = .editorconfig
		VERSION = VERSION
	EndProjectSection
EndProject
Project("{2150E333-8FDC-42A3-9474-1A3956D46DE8}") = "docs", "docs", "{5401ADF7-CB6D-448B-A4AC-D8A17B2D841F}"
	ProjectSection(SolutionItems) = preProject
		docs\EliteAttack.md = docs\EliteAttack.md
		docs\general.md = docs\general.md
		docs\index.md = docs\index.md
		docs\installing.md = docs\installing.md
		docs\RatAttack.md = docs\RatAttack.md
		docs\requirements.md = docs\requirements.md
		docs\SpanshAttack.md = docs\SpanshAttack.md
		docs\StreamAttack.md = docs\StreamAttack.md
		docs\troubleshooting.md = docs\troubleshooting.md
		docs\upgrading.md = docs\upgrading.md
		docs\VoiceAttack.md = docs\VoiceAttack.md
	EndProjectSection
EndProject
Project("{2150E333-8FDC-42A3-9474-1A3956D46DE8}") = "configuration", "configuration", "{1AFD9AE6-7D22-4EF4-B0DE-51C9E91370FB}"
	ProjectSection(SolutionItems) = preProject
		docs\configuration\EliteAttack.md = docs\configuration\EliteAttack.md
		docs\configuration\general.md = docs\configuration\general.md
		docs\configuration\RatAttack.md = docs\configuration\RatAttack.md
		docs\configuration\SpanshAttack.md = docs\configuration\SpanshAttack.md
		docs\configuration\StreamAttack.md = docs\configuration\StreamAttack.md
	EndProjectSection
EndProject
Global
	GlobalSection(SolutionConfigurationPlatforms) = preSolution
		Debug|Any CPU = Debug|Any CPU
		Release|Any CPU = Release|Any CPU
	EndGlobalSection
	GlobalSection(ProjectConfigurationPlatforms) = postSolution
		{1C05DB3F-3449-4664-B363-A379892995E5}.Debug|Any CPU.ActiveCfg = Debug|Any CPU
		{1C05DB3F-3449-4664-B363-A379892995E5}.Debug|Any CPU.Build.0 = Debug|Any CPU
		{1C05DB3F-3449-4664-B363-A379892995E5}.Release|Any CPU.ActiveCfg = Release|Any CPU
		{1C05DB3F-3449-4664-B363-A379892995E5}.Release|Any CPU.Build.0 = Release|Any CPU
		{64CD3BA3-7FD2-4360-B055-6927CE92DA68}.Debug|Any CPU.ActiveCfg = Debug|Any CPU
		{64CD3BA3-7FD2-4360-B055-6927CE92DA68}.Debug|Any CPU.Build.0 = Debug|Any CPU
		{64CD3BA3-7FD2-4360-B055-6927CE92DA68}.Release|Any CPU.ActiveCfg = Release|Any CPU
		{64CD3BA3-7FD2-4360-B055-6927CE92DA68}.Release|Any CPU.Build.0 = Release|Any CPU
		{D72A35EC-8D39-4B96-BBC5-1B330F4CBEEF}.Debug|Any CPU.ActiveCfg = Debug|Any CPU
		{D72A35EC-8D39-4B96-BBC5-1B330F4CBEEF}.Debug|Any CPU.Build.0 = Debug|Any CPU
		{D72A35EC-8D39-4B96-BBC5-1B330F4CBEEF}.Release|Any CPU.ActiveCfg = Release|Any CPU
		{D72A35EC-8D39-4B96-BBC5-1B330F4CBEEF}.Release|Any CPU.Build.0 = Release|Any CPU
		{77CEF35C-C25C-4793-AB2C-0B0C5D9A5BB8}.Debug|Any CPU.ActiveCfg = Debug|Any CPU
		{77CEF35C-C25C-4793-AB2C-0B0C5D9A5BB8}.Debug|Any CPU.Build.0 = Debug|Any CPU
		{77CEF35C-C25C-4793-AB2C-0B0C5D9A5BB8}.Release|Any CPU.ActiveCfg = Release|Any CPU
		{77CEF35C-C25C-4793-AB2C-0B0C5D9A5BB8}.Release|Any CPU.Build.0 = Release|Any CPU
		{D2047704-696B-4665-8D37-3AD298A8B9F9}.Debug|Any CPU.ActiveCfg = Debug|Any CPU
		{D2047704-696B-4665-8D37-3AD298A8B9F9}.Debug|Any CPU.Build.0 = Debug|Any CPU
		{D2047704-696B-4665-8D37-3AD298A8B9F9}.Release|Any CPU.ActiveCfg = Release|Any CPU
		{D2047704-696B-4665-8D37-3AD298A8B9F9}.Release|Any CPU.Build.0 = Release|Any CPU
	EndGlobalSection
	GlobalSection(SolutionProperties) = preSolution
		HideSolutionNode = FALSE
	EndGlobalSection
	GlobalSection(NestedProjects) = preSolution
		{5401ADF7-CB6D-448B-A4AC-D8A17B2D841F} = {C2B4D94B-8D73-431A-880B-B1E7ADF064B2}
		{1AFD9AE6-7D22-4EF4-B0DE-51C9E91370FB} = {5401ADF7-CB6D-448B-A4AC-D8A17B2D841F}
	EndGlobalSection
	GlobalSection(ExtensibilityGlobals) = postSolution
		SolutionGuid = {339E6747-C7BF-43C3-99C6-9249C9849A84}
	EndGlobalSection
EndGlobal
